
Microsoft Visual Studio Solution File, Format Version 12.00
# Visual Studio Version 17
VisualStudioVersion = 17.9.34616.47
MinimumVisualStudioVersion = 10.0.40219.1
Project("{FAE04EC0-301F-11D3-BF4B-00C04F79EFBC}") = "LibraryApp 03.04", "LibraryApp 03.04\LibraryApp 03.04.csproj", "{86B05A01-AAA8-418B-B516-992136006F8E}"
EndProject
Global
	GlobalSection(SolutionConfigurationPlatforms) = preSolution
		Debug|Any CPU = Debug|Any CPU
		Release|Any CPU = Release|Any CPU
	EndGlobalSection
	GlobalSection(ProjectConfigurationPlatforms) = postSolution
		{86B05A01-AAA8-418B-B516-992136006F8E}.Debug|Any CPU.ActiveCfg = Debug|Any CPU
		{86B05A01-AAA8-418B-B516-992136006F8E}.Debug|Any CPU.Build.0 = Debug|Any CPU
		{86B05A01-AAA8-418B-B516-992136006F8E}.Release|Any CPU.ActiveCfg = Release|Any CPU
		{86B05A01-AAA8-418B-B516-992136006F8E}.Release|Any CPU.Build.0 = Release|Any CPU
	EndGlobalSection
	GlobalSection(SolutionProperties) = preSolution
		HideSolutionNode = FALSE
	EndGlobalSection
	GlobalSection(ExtensibilityGlobals) = postSolution
		SolutionGuid = {76B1FAF7-E422-44AA-B0CE-650EB82839FD}
	EndGlobalSection
EndGlobal
